
Microsoft Visual Studio Solution File, Format Version 12.00
# Visual Studio Version 17
VisualStudioVersion = 17.4.33213.308
MinimumVisualStudioVersion = 10.0.40219.1
Project("{FAE04EC0-301F-11D3-BF4B-00C04F79EFBC}") = "WinFormsApp1", "WinFormsApp1.csproj", "{86914CA1-8E51-46C3-AF2E-B43FB40EA82E}"
EndProject
Global
	GlobalSection(SolutionConfigurationPlatforms) = preSolution
		Debug|Any CPU = Debug|Any CPU
		Release|Any CPU = Release|Any CPU
	EndGlobalSection
	GlobalSection(ProjectConfigurationPlatforms) = postSolution
		{86914CA1-8E51-46C3-AF2E-B43FB40EA82E}.Debug|Any CPU.ActiveCfg = Debug|Any CPU
		{86914CA1-8E51-46C3-AF2E-B43FB40EA82E}.Debug|Any CPU.Build.0 = Debug|Any CPU
		{86914CA1-8E51-46C3-AF2E-B43FB40EA82E}.Release|Any CPU.ActiveCfg = Release|Any CPU
		{86914CA1-8E51-46C3-AF2E-B43FB40EA82E}.Release|Any CPU.Build.0 = Release|Any CPU
	EndGlobalSection
	GlobalSection(SolutionProperties) = preSolution
		HideSolutionNode = FALSE
	EndGlobalSection
	GlobalSection(ExtensibilityGlobals) = postSolution
		SolutionGuid = {5BADD5F3-0766-44DB-BED0-2EF17948B1BB}
	EndGlobalSection
EndGlobal
