
Microsoft Visual Studio Solution File, Format Version 12.00
# Visual Studio Version 17
VisualStudioVersion = 17.4.33213.308
MinimumVisualStudioVersion = 10.0.40219.1
Project("{FAE04EC0-301F-11D3-BF4B-00C04F79EFBC}") = "WindowsFormsApp1", "WindowsFormsApp1.csproj", "{6EDDC387-F7F3-4F6A-B4C7-F21D987F05AB}"
EndProject
Global
	GlobalSection(SolutionConfigurationPlatforms) = preSolution
		Debug|Any CPU = Debug|Any CPU
		Release|Any CPU = Release|Any CPU
	EndGlobalSection
	GlobalSection(ProjectConfigurationPlatforms) = postSolution
		{6EDDC387-F7F3-4F6A-B4C7-F21D987F05AB}.Debug|Any CPU.ActiveCfg = Debug|Any CPU
		{6EDDC387-F7F3-4F6A-B4C7-F21D987F05AB}.Debug|Any CPU.Build.0 = Debug|Any CPU
		{6EDDC387-F7F3-4F6A-B4C7-F21D987F05AB}.Release|Any CPU.ActiveCfg = Release|Any CPU
		{6EDDC387-F7F3-4F6A-B4C7-F21D987F05AB}.Release|Any CPU.Build.0 = Release|Any CPU
	EndGlobalSection
	GlobalSection(SolutionProperties) = preSolution
		HideSolutionNode = FALSE
	EndGlobalSection
	GlobalSection(ExtensibilityGlobals) = postSolution
		SolutionGuid = {DCE84B64-0638-4705-B443-CCCE994EA65B}
	EndGlobalSection
EndGlobal
